
Microsoft Visual Studio Solution File, Format Version 12.00
# Visual Studio Version 17
VisualStudioVersion = 17.2.32505.173
MinimumVisualStudioVersion = 10.0.40219.1
Project("{9A19103F-16F7-4668-BE54-9A1E7A4F7556}") = "CourseLibrary.API", "CouuseLibrary.API\CourseLibrary.API.csproj", "{7C402290-7976-4FE6-A3DF-37F3057B9127}"
EndProject
Global
	GlobalSection(SolutionConfigurationPlatforms) = preSolution
		Debug|Any CPU = Debug|Any CPU
		Release|Any CPU = Release|Any CPU
	EndGlobalSection
	GlobalSection(ProjectConfigurationPlatforms) = postSolution
		{7C402290-7976-4FE6-A3DF-37F3057B9127}.Debug|Any CPU.ActiveCfg = Debug|Any CPU
		{7C402290-7976-4FE6-A3DF-37F3057B9127}.Debug|Any CPU.Build.0 = Debug|Any CPU
		{7C402290-7976-4FE6-A3DF-37F3057B9127}.Release|Any CPU.ActiveCfg = Release|Any CPU
		{7C402290-7976-4FE6-A3DF-37F3057B9127}.Release|Any CPU.Build.0 = Release|Any CPU
	EndGlobalSection
	GlobalSection(SolutionProperties) = preSolution
		HideSolutionNode = FALSE
	EndGlobalSection
	GlobalSection(ExtensibilityGlobals) = postSolution
		SolutionGuid = {D5F560DC-99B6-44C8-A094-B3D6DE764E76}
	EndGlobalSection
EndGlobal
